{
  "name": "bags-for-everyone-2.0",
  "lockfileVersion": 2,
  "requires": true,
  "packages": {
    "": {
      "dependencies": {
        "@stripe/stripe-js": "^1.44.1"
      }
    },
    "node_modules/@stripe/stripe-js": {
      "version": "1.44.1",
      "resolved": "https://registry.npmjs.org/@stripe/stripe-js/-/stripe-js-1.44.1.tgz",
      "integrity": "sha512-DKj3U6tS+sCNsSXsoZbOl5gDrAVD3cAZ9QCiVSykLC3iJo085kkmw/3BAACRH54Bq2bN34yySuH6G1SLh2xHXA=="
    }
  },
  "dependencies": {
    "@stripe/stripe-js": {
      "version": "1.44.1",
      "resolved": "https://registry.npmjs.org/@stripe/stripe-js/-/stripe-js-1.44.1.tgz",
      "integrity": "sha512-DKj3U6tS+sCNsSXsoZbOl5gDrAVD3cAZ9QCiVSykLC3iJo085kkmw/3BAACRH54Bq2bN34yySuH6G1SLh2xHXA=="
    }
  }
}
